
Microsoft Visual Studio Solution File, Format Version 12.00
# Visual Studio Version 16
VisualStudioVersion = 16.0.30621.155
MinimumVisualStudioVersion = 10.0.40219.1
Project("{FAE04EC0-301F-11D3-BF4B-00C04F79EFBC}") = "AudioBleLedsController", "AudioBleLedsController.csproj", "{9879FA38-CAA6-4CA9-B90F-F2A0F0C0E3C5}"
EndProject
Global
	GlobalSection(SolutionConfigurationPlatforms) = preSolution
		Debug|Any CPU = Debug|Any CPU
		Release|Any CPU = Release|Any CPU
	EndGlobalSection
	GlobalSection(ProjectConfigurationPlatforms) = postSolution
		{9879FA38-CAA6-4CA9-B90F-F2A0F0C0E3C5}.Debug|Any CPU.ActiveCfg = Debug|Any CPU
		{9879FA38-CAA6-4CA9-B90F-F2A0F0C0E3C5}.Debug|Any CPU.Build.0 = Debug|Any CPU
		{9879FA38-CAA6-4CA9-B90F-F2A0F0C0E3C5}.Release|Any CPU.ActiveCfg = Release|Any CPU
		{9879FA38-CAA6-4CA9-B90F-F2A0F0C0E3C5}.Release|Any CPU.Build.0 = Release|Any CPU
	EndGlobalSection
	GlobalSection(SolutionProperties) = preSolution
		HideSolutionNode = FALSE
	EndGlobalSection
	GlobalSection(ExtensibilityGlobals) = postSolution
		SolutionGuid = {4F7D5862-862B-4E57-884C-708CAE4B8FE9}
	EndGlobalSection
EndGlobal
